
Microsoft Visual Studio Solution File, Format Version 12.00
# Visual Studio Version 16
VisualStudioVersion = 16.0.31829.152
MinimumVisualStudioVersion = 10.0.40219.1
Project("{9A19103F-16F7-4668-BE54-9A1E7A4F7556}") = "KaomojiFighters", "KaomojiFighters\KaomojiFighters.csproj", "{275FC253-7AE7-4E7B-BB66-07BCB803C6A4}"
EndProject
Project("{9A19103F-16F7-4668-BE54-9A1E7A4F7556}") = "Nez", "..\..\..\..\..\LF\Beacon-cs\Nez.Portable\Nez.csproj", "{FCAC36DD-0140-48AE-B8E4-BAF45826F97C}"
EndProject
Global
	GlobalSection(SolutionConfigurationPlatforms) = preSolution
		Debug|Any CPU = Debug|Any CPU
		Release|Any CPU = Release|Any CPU
	EndGlobalSection
	GlobalSection(ProjectConfigurationPlatforms) = postSolution
		{275FC253-7AE7-4E7B-BB66-07BCB803C6A4}.Debug|Any CPU.ActiveCfg = Debug|Any CPU
		{275FC253-7AE7-4E7B-BB66-07BCB803C6A4}.Debug|Any CPU.Build.0 = Debug|Any CPU
		{275FC253-7AE7-4E7B-BB66-07BCB803C6A4}.Release|Any CPU.ActiveCfg = Release|Any CPU
		{275FC253-7AE7-4E7B-BB66-07BCB803C6A4}.Release|Any CPU.Build.0 = Release|Any CPU
		{FCAC36DD-0140-48AE-B8E4-BAF45826F97C}.Debug|Any CPU.ActiveCfg = Debug|Any CPU
		{FCAC36DD-0140-48AE-B8E4-BAF45826F97C}.Debug|Any CPU.Build.0 = Debug|Any CPU
		{FCAC36DD-0140-48AE-B8E4-BAF45826F97C}.Release|Any CPU.ActiveCfg = Release|Any CPU
		{FCAC36DD-0140-48AE-B8E4-BAF45826F97C}.Release|Any CPU.Build.0 = Release|Any CPU
	EndGlobalSection
	GlobalSection(SolutionProperties) = preSolution
		HideSolutionNode = FALSE
	EndGlobalSection
	GlobalSection(ExtensibilityGlobals) = postSolution
		SolutionGuid = {2E3BD77B-497C-4AA8-8223-DC259DF6D05B}
	EndGlobalSection
EndGlobal
